// !$*UTF8*$!
{
	archiveVersion = 1;
	classes = {
	};
	objectVersion = 50;
	objects = {

/* Begin PBXBuildFile section */
		F9E975CA26B8328A009A7B87 /* AppDelegate.swift in Sources */ = {isa = PBXBuildFile; fileRef = F9E975C926B8328A009A7B87 /* AppDelegate.swift */; };
		F9E975CC26B8328A009A7B87 /* SceneDelegate.swift in Sources */ = {isa = PBXBuildFile; fileRef = F9E975CB26B8328A009A7B87 /* SceneDelegate.swift */; };
		F9E975D126B8328A009A7B87 /* Main.storyboard in Resources */ = {isa = PBXBuildFile; fileRef = F9E975CF26B8328A009A7B87 /* Main.storyboard */; };
		F9E975D426B8328A009A7B87 /* ToDoList.xcdatamodeld in Sources */ = {isa = PBXBuildFile; fileRef = F9E975D226B8328A009A7B87 /* ToDoList.xcdatamodeld */; };
		F9E975D626B8328B009A7B87 /* Assets.xcassets in Resources */ = {isa = PBXBuildFile; fileRef = F9E975D526B8328B009A7B87 /* Assets.xcassets */; };
		F9E975D926B8328B009A7B87 /* LaunchScreen.storyboard in Resources */ = {isa = PBXBuildFile; fileRef = F9E975D726B8328B009A7B87 /* LaunchScreen.storyboard */; };
		F9E975E426B8328B009A7B87 /* ToDoListTests.swift in Sources */ = {isa = PBXBuildFile; fileRef = F9E975E326B8328B009A7B87 /* ToDoListTests.swift */; };
		F9E975EF26B8328B009A7B87 /* ToDoListUITests.swift in Sources */ = {isa = PBXBuildFile; fileRef = F9E975EE26B8328B009A7B87 /* ToDoListUITests.swift */; };
		F9E975FD26B835ED009A7B87 /* ToDoTableViewController.swift in Sources */ = {isa = PBXBuildFile; fileRef = F9E975FC26B835ED009A7B87 /* ToDoTableViewController.swift */; };
		F9E975FF26B83700009A7B87 /* ToDo.swift in Sources */ = {isa = PBXBuildFile; fileRef = F9E975FE26B83700009A7B87 /* ToDo.swift */; };
		F9E9760126B84C6C009A7B87 /* AddToDoViewController.swift in Sources */ = {isa = PBXBuildFile; fileRef = F9E9760026B84C6C009A7B87 /* AddToDoViewController.swift */; };
		F9F220A126B985AE0096C217 /* CompleteToDoViewController.swift in Sources */ = {isa = PBXBuildFile; fileRef = F9F220A026B985AE0096C217 /* CompleteToDoViewController.swift */; };
/* End PBXBuildFile section */

/* Begin PBXContainerItemProxy section */
		F9E975E026B8328B009A7B87 /* PBXContainerItemProxy */ = {
			isa = PBXContainerItemProxy;
			containerPortal = F9E975BE26B8328A009A7B87 /* Project object */;
			proxyType = 1;
			remoteGlobalIDString = F9E975C526B8328A009A7B87;
			remoteInfo = ToDoList;
		};
		F9E975EB26B8328B009A7B87 /* PBXContainerItemProxy */ = {
			isa = PBXContainerItemProxy;
			containerPortal = F9E975BE26B8328A009A7B87 /* Project object */;
			proxyType = 1;
			remoteGlobalIDString = F9E975C526B8328A009A7B87;
			remoteInfo = ToDoList;
		};
/* End PBXContainerItemProxy section */

/* Begin PBXFileReference section */
		F9E975C626B8328A009A7B87 /* ToDoList.app */ = {isa = PBXFileReference; explicitFileType = wrapper.application; includeInIndex = 0; path = ToDoList.app; sourceTree = BUILT_PRODUCTS_DIR; };
		F9E975C926B8328A009A7B87 /* AppDelegate.swift */ = {isa = PBXFileReference; lastKnownFileType = sourcecode.swift; path = AppDelegate.swift; sourceTree = "<group>"; };
		F9E975CB26B8328A009A7B87 /* SceneDelegate.swift */ = {isa = PBXFileReference; lastKnownFileType = sourcecode.swift; path = SceneDelegate.swift; sourceTree = "<group>"; };
		F9E975D026B8328A009A7B87 /* Base */ = {isa = PBXFileReference; lastKnownFileType = file.storyboard; name = Base; path = Base.lproj/Main.storyboard; sourceTree = "<group>"; };
		F9E975D326B8328A009A7B87 /* ToDoList.xcdatamodel */ = {isa = PBXFileReference; lastKnownFileType = wrapper.xcdatamodel; path = ToDoList.xcdatamodel; sourceTree = "<group>"; };
		F9E975D526B8328B009A7B87 /* Assets.xcassets */ = {isa = PBXFileReference; lastKnownFileType = folder.assetcatalog; path = Assets.xcassets; sourceTree = "<group>"; };
		F9E975D826B8328B009A7B87 /* Base */ = {isa = PBXFileReference; lastKnownFileType = file.storyboard; name = Base; path = Base.lproj/LaunchScreen.storyboard; sourceTree = "<group>"; };
		F9E975DA26B8328B009A7B87 /* Info.plist */ = {isa = PBXFileReference; lastKnownFileType = text.plist.xml; path = Info.plist; sourceTree = "<group>"; };
		F9E975DF26B8328B009A7B87 /* ToDoListTests.xctest */ = {isa = PBXFileReference; explicitFileType = wrapper.cfbundle; includeInIndex = 0; path = ToDoListTests.xctest; sourceTree = BUILT_PRODUCTS_DIR; };
		F9E975E326B8328B009A7B87 /* ToDoListTests.swift */ = {isa = PBXFileReference; lastKnownFileType = sourcecode.swift; path = ToDoListTests.swift; sourceTree = "<group>"; };
		F9E975E526B8328B009A7B87 /* Info.plist */ = {isa = PBXFileReference; lastKnownFileType = text.plist.xml; path = Info.plist; sourceTree = "<group>"; };
		F9E975EA26B8328B009A7B87 /* ToDoListUITests.xctest */ = {isa = PBXFileReference; explicitFileType = wrapper.cfbundle; includeInIndex = 0; path = ToDoListUITests.xctest; sourceTree = BUILT_PRODUCTS_DIR; };
		F9E975EE26B8328B009A7B87 /* ToDoListUITests.swift */ = {isa = PBXFileReference; lastKnownFileType = sourcecode.swift; path = ToDoListUITests.swift; sourceTree = "<group>"; };
		F9E975F026B8328B009A7B87 /* Info.plist */ = {isa = PBXFileReference; lastKnownFileType = text.plist.xml; path = Info.plist; sourceTree = "<group>"; };
		F9E975FC26B835ED009A7B87 /* ToDoTableViewController.swift */ = {isa = PBXFileReference; lastKnownFileType = sourcecode.swift; path = ToDoTableViewController.swift; sourceTree = "<group>"; };
		F9E975FE26B83700009A7B87 /* ToDo.swift */ = {isa = PBXFileReference; lastKnownFileType = sourcecode.swift; path = ToDo.swift; sourceTree = "<group>"; };
		F9E9760026B84C6C009A7B87 /* AddToDoViewController.swift */ = {isa = PBXFileReference; lastKnownFileType = sourcecode.swift; path = AddToDoViewController.swift; sourceTree = "<group>"; };
		F9F220A026B985AE0096C217 /* CompleteToDoViewController.swift */ = {isa = PBXFileReference; lastKnownFileType = sourcecode.swift; path = CompleteToDoViewController.swift; sourceTree = "<group>"; };
/* End PBXFileReference section */

/* Begin PBXFrameworksBuildPhase section */
		F9E975C326B8328A009A7B87 /* Frameworks */ = {
			isa = PBXFrameworksBuildPhase;
			buildActionMask = 2147483647;
			files = (
			);
			runOnlyForDeploymentPostprocessing = 0;
		};
		F9E975DC26B8328B009A7B87 /* Frameworks */ = {
			isa = PBXFrameworksBuildPhase;
			buildActionMask = 2147483647;
			files = (
			);
			runOnlyForDeploymentPostprocessing = 0;
		};
		F9E975E726B8328B009A7B87 /* Frameworks */ = {
			isa = PBXFrameworksBuildPhase;
			buildActionMask = 2147483647;
			files = (
			);
			runOnlyForDeploymentPostprocessing = 0;
		};
/* End PBXFrameworksBuildPhase section */

/* Begin PBXGroup section */
		F9E975BD26B8328A009A7B87 = {
			isa = PBXGroup;
			children = (
				F9E975C826B8328A009A7B87 /* ToDoList */,
				F9E975E226B8328B009A7B87 /* ToDoListTests */,
				F9E975ED26B8328B009A7B87 /* ToDoListUITests */,
				F9E975C726B8328A009A7B87 /* Products */,
			);
			sourceTree = "<group>";
		};
		F9E975C726B8328A009A7B87 /* Products */ = {
			isa = PBXGroup;
			children = (
				F9E975C626B8328A009A7B87 /* ToDoList.app */,
				F9E975DF26B8328B009A7B87 /* ToDoListTests.xctest */,
				F9E975EA26B8328B009A7B87 /* ToDoListUITests.xctest */,
			);
			name = Products;
			sourceTree = "<group>";
		};
		F9E975C826B8328A009A7B87 /* ToDoList */ = {
			isa = PBXGroup;
			children = (
				F9E975C926B8328A009A7B87 /* AppDelegate.swift */,
				F9E975CB26B8328A009A7B87 /* SceneDelegate.swift */,
				F9E975CF26B8328A009A7B87 /* Main.storyboard */,
				F9E975D526B8328B009A7B87 /* Assets.xcassets */,
				F9E975D726B8328B009A7B87 /* LaunchScreen.storyboard */,
				F9E975DA26B8328B009A7B87 /* Info.plist */,
				F9E975D226B8328A009A7B87 /* ToDoList.xcdatamodeld */,
				F9E975FC26B835ED009A7B87 /* ToDoTableViewController.swift */,
				F9E975FE26B83700009A7B87 /* ToDo.swift */,
				F9E9760026B84C6C009A7B87 /* AddToDoViewController.swift */,
				F9F220A026B985AE0096C217 /* CompleteToDoViewController.swift */,
			);
			path = ToDoList;
			sourceTree = "<group>";
		};
		F9E975E226B8328B009A7B87 /* ToDoListTests */ = {
			isa = PBXGroup;
			children = (
				F9E975E326B8328B009A7B87 /* ToDoListTests.swift */,
				F9E975E526B8328B009A7B87 /* Info.plist */,
			);
			path = ToDoListTests;
			sourceTree = "<group>";
		};
		F9E975ED26B8328B009A7B87 /* ToDoListUITests */ = {
			isa = PBXGroup;
			children = (
				F9E975EE26B8328B009A7B87 /* ToDoListUITests.swift */,
				F9E975F026B8328B009A7B87 /* Info.plist */,
			);
			path = ToDoListUITests;
			sourceTree = "<group>";
		};
/* End PBXGroup section */

/* Begin PBXNativeTarget section */
		F9E975C526B8328A009A7B87 /* ToDoList */ = {
			isa = PBXNativeTarget;
			buildConfigurationList = F9E975F326B8328B009A7B87 /* Build configuration list for PBXNativeTarget "ToDoList" */;
			buildPhases = (
				F9E975C226B8328A009A7B87 /* Sources */,
				F9E975C326B8328A009A7B87 /* Frameworks */,
				F9E975C426B8328A009A7B87 /* Resources */,
			);
			buildRules = (
			);
			dependencies = (
			);
			name = ToDoList;
			productName = ToDoList;
			productReference = F9E975C626B8328A009A7B87 /* ToDoList.app */;
			productType = "com.apple.product-type.application";
		};
		F9E975DE26B8328B009A7B87 /* ToDoListTests */ = {
			isa = PBXNativeTarget;
			buildConfigurationList = F9E975F626B8328B009A7B87 /* Build configuration list for PBXNativeTarget "ToDoListTests" */;
			buildPhases = (
				F9E975DB26B8328B009A7B87 /* Sources */,
				F9E975DC26B8328B009A7B87 /* Frameworks */,
				F9E975DD26B8328B009A7B87 /* Resources */,
			);
			buildRules = (
			);
			dependencies = (
				F9E975E126B8328B009A7B87 /* PBXTargetDependency */,
			);
			name = ToDoListTests;
			productName = ToDoListTests;
			productReference = F9E975DF26B8328B009A7B87 /* ToDoListTests.xctest */;
			productType = "com.apple.product-type.bundle.unit-test";
		};
		F9E975E926B8328B009A7B87 /* ToDoListUITests */ = {
			isa = PBXNativeTarget;
			buildConfigurationList = F9E975F926B8328B009A7B87 /* Build configuration list for PBXNativeTarget "ToDoListUITests" */;
			buildPhases = (
				F9E975E626B8328B009A7B87 /* Sources */,
				F9E975E726B8328B009A7B87 /* Frameworks */,
				F9E975E826B8328B009A7B87 /* Resources */,
			);
			buildRules = (
			);
			dependencies = (
				F9E975EC26B8328B009A7B87 /* PBXTargetDependency */,
			);
			name = ToDoListUITests;
			productName = ToDoListUITests;
			productReference = F9E975EA26B8328B009A7B87 /* ToDoListUITests.xctest */;
			productType = "com.apple.product-type.bundle.ui-testing";
		};
/* End PBXNativeTarget section */

/* Begin PBXProject section */
		F9E975BE26B8328A009A7B87 /* Project object */ = {
			isa = PBXProject;
			attributes = {
				LastSwiftUpdateCheck = 1250;
				LastUpgradeCheck = 1250;
				TargetAttributes = {
					F9E975C526B8328A009A7B87 = {
						CreatedOnToolsVersion = 12.5.1;
					};
					F9E975DE26B8328B009A7B87 = {
						CreatedOnToolsVersion = 12.5.1;
						TestTargetID = F9E975C526B8328A009A7B87;
					};
					F9E975E926B8328B009A7B87 = {
						CreatedOnToolsVersion = 12.5.1;
						TestTargetID = F9E975C526B8328A009A7B87;
					};
				};
			};
			buildConfigurationList = F9E975C126B8328A009A7B87 /* Build configuration list for PBXProject "ToDoList" */;
			compatibilityVersion = "Xcode 9.3";
			developmentRegion = en;
			hasScannedForEncodings = 0;
			knownRegions = (
				en,
				Base,
			);
			mainGroup = F9E975BD26B8328A009A7B87;
			productRefGroup = F9E975C726B8328A009A7B87 /* Products */;
			projectDirPath = "";
			projectRoot = "";
			targets = (
				F9E975C526B8328A009A7B87 /* ToDoList */,
				F9E975DE26B8328B009A7B87 /* ToDoListTests */,
				F9E975E926B8328B009A7B87 /* ToDoListUITests */,
			);
		};
/* End PBXProject section */

/* Begin PBXResourcesBuildPhase section */
		F9E975C426B8328A009A7B87 /* Resources */ = {
			isa = PBXResourcesBuildPhase;
			buildActionMask = 2147483647;
			files = (
				F9E975D926B8328B009A7B87 /* LaunchScreen.storyboard in Resources */,
				F9E975D626B8328B009A7B87 /* Assets.xcassets in Resources */,
				F9E975D126B8328A009A7B87 /* Main.storyboard in Resources */,
			);
			runOnlyForDeploymentPostprocessing = 0;
		};
		F9E975DD26B8328B009A7B87 /* Resources */ = {
			isa = PBXResourcesBuildPhase;
			buildActionMask = 2147483647;
			files = (
			);
			runOnlyForDeploymentPostprocessing = 0;
		};
		F9E975E826B8328B009A7B87 /* Resources */ = {
			isa = PBXResourcesBuildPhase;
			buildActionMask = 2147483647;
			files = (
			);
			runOnlyForDeploymentPostprocessing = 0;
		};
/* End PBXResourcesBuildPhase section */

/* Begin PBXSourcesBuildPhase section */
		F9E975C226B8328A009A7B87 /* Sources */ = {
			isa = PBXSourcesBuildPhase;
			buildActionMask = 2147483647;
			files = (
				F9E975CA26B8328A009A7B87 /* AppDelegate.swift in Sources */,
				F9E975FF26B83700009A7B87 /* ToDo.swift in Sources */,
				F9E975FD26B835ED009A7B87 /* ToDoTableViewController.swift in Sources */,
				F9F220A126B985AE0096C217 /* CompleteToDoViewController.swift in Sources */,
				F9E975CC26B8328A009A7B87 /* SceneDelegate.swift in Sources */,
				F9E9760126B84C6C009A7B87 /* AddToDoViewController.swift in Sources */,
				F9E975D426B8328A009A7B87 /* ToDoList.xcdatamodeld in Sources */,
			);
			runOnlyForDeploymentPostprocessing = 0;
		};
		F9E975DB26B8328B009A7B87 /* Sources */ = {
			isa = PBXSourcesBuildPhase;
			buildActionMask = 2147483647;
			files = (
				F9E975E426B8328B009A7B87 /* ToDoListTests.swift in Sources */,
			);
			runOnlyForDeploymentPostprocessing = 0;
		};
		F9E975E626B8328B009A7B87 /* Sources */ = {
			isa = PBXSourcesBuildPhase;
			buildActionMask = 2147483647;
			files = (
				F9E975EF26B8328B009A7B87 /* ToDoListUITests.swift in Sources */,
			);
			runOnlyForDeploymentPostprocessing = 0;
		};
/* End PBXSourcesBuildPhase section */

/* Begin PBXTargetDependency section */
		F9E975E126B8328B009A7B87 /* PBXTargetDependency */ = {
			isa = PBXTargetDependency;
			target = F9E975C526B8328A009A7B87 /* ToDoList */;
			targetProxy = F9E975E026B8328B009A7B87 /* PBXContainerItemProxy */;
		};
		F9E975EC26B8328B009A7B87 /* PBXTargetDependency */ = {
			isa = PBXTargetDependency;
			target = F9E975C526B8328A009A7B87 /* ToDoList */;
			targetProxy = F9E975EB26B8328B009A7B87 /* PBXContainerItemProxy */;
		};
/* End PBXTargetDependency section */

/* Begin PBXVariantGroup section */
		F9E975CF26B8328A009A7B87 /* Main.storyboard */ = {
			isa = PBXVariantGroup;
			children = (
				F9E975D026B8328A009A7B87 /* Base */,
			);
			name = Main.storyboard;
			sourceTree = "<group>";
		};
		F9E975D726B8328B009A7B87 /* LaunchScreen.storyboard */ = {
			isa = PBXVariantGroup;
			children = (
				F9E975D826B8328B009A7B87 /* Base */,
			);
			name = LaunchScreen.storyboard;
			sourceTree = "<group>";
		};
/* End PBXVariantGroup section */

/* Begin XCBuildConfiguration section */
		F9E975F126B8328B009A7B87 /* Debug */ = {
			isa = XCBuildConfiguration;
			buildSettings = {
				ALWAYS_SEARCH_USER_PATHS = NO;
				CLANG_ANALYZER_NONNULL = YES;
				CLANG_ANALYZER_NUMBER_OBJECT_CONVERSION = YES_AGGRESSIVE;
				CLANG_CXX_LANGUAGE_STANDARD = "gnu++14";
				CLANG_CXX_LIBRARY = "libc++";
				CLANG_ENABLE_MODULES = YES;
				CLANG_ENABLE_OBJC_ARC = YES;
				CLANG_ENABLE_OBJC_WEAK = YES;
				CLANG_WARN_BLOCK_CAPTURE_AUTORELEASING = YES;
				CLANG_WARN_BOOL_CONVERSION = YES;
				CLANG_WARN_COMMA = YES;
				CLANG_WARN_CONSTANT_CONVERSION = YES;
				CLANG_WARN_DEPRECATED_OBJC_IMPLEMENTATIONS = YES;
				CLANG_WARN_DIRECT_OBJC_ISA_USAGE = YES_ERROR;
				CLANG_WARN_DOCUMENTATION_COMMENTS = YES;
				CLANG_WARN_EMPTY_BODY = YES;
				CLANG_WARN_ENUM_CONVERSION = YES;
				CLANG_WARN_INFINITE_RECURSION = YES;
				CLANG_WARN_INT_CONVERSION = YES;
				CLANG_WARN_NON_LITERAL_NULL_CONVERSION = YES;
				CLANG_WARN_OBJC_IMPLICIT_RETAIN_SELF = YES;
				CLANG_WARN_OBJC_LITERAL_CONVERSION = YES;
				CLANG_WARN_OBJC_ROOT_CLASS = YES_ERROR;
				CLANG_WARN_QUOTED_INCLUDE_IN_FRAMEWORK_HEADER = YES;
				CLANG_WARN_RANGE_LOOP_ANALYSIS = YES;
				CLANG_WARN_STRICT_PROTOTYPES = YES;
				CLANG_WARN_SUSPICIOUS_MOVE = YES;
				CLANG_WARN_UNGUARDED_AVAILABILITY = YES_AGGRESSIVE;
				CLANG_WARN_UNREACHABLE_CODE = YES;
				CLANG_WARN__DUPLICATE_METHOD_MATCH = YES;
				COPY_PHASE_STRIP = NO;
				DEBUG_INFORMATION_FORMAT = dwarf;
				ENABLE_STRICT_OBJC_MSGSEND = YES;
				ENABLE_TESTABILITY = YES;
				GCC_C_LANGUAGE_STANDARD = gnu11;
				GCC_DYNAMIC_NO_PIC = NO;
				GCC_NO_COMMON_BLOCKS = YES;
				GCC_OPTIMIZATION_LEVEL = 0;
				GCC_PREPROCESSOR_DEFINITIONS = (
					"DEBUG=1",
					"$(inherited)",
				);
				GCC_WARN_64_TO_32_BIT_CONVERSION = YES;
				GCC_WARN_ABOUT_RETURN_TYPE = YES_ERROR;
				GCC_WARN_UNDECLARED_SELECTOR = YES;
				GCC_WARN_UNINITIALIZED_AUTOS = YES_AGGRESSIVE;
				GCC_WARN_UNUSED_FUNCTION = YES;
				GCC_WARN_UNUSED_VARIABLE = YES;
				IPHONEOS_DEPLOYMENT_TARGET = 14.5;
				MTL_ENABLE_DEBUG_INFO = INCLUDE_SOURCE;
				MTL_FAST_MATH = YES;
				ONLY_ACTIVE_ARCH = YES;
				SDKROOT = iphoneos;
				SWIFT_ACTIVE_COMPILATION_CONDITIONS = DEBUG;
				SWIFT_OPTIMIZATION_LEVEL = "-Onone";
			};
			name = Debug;
		};
		F9E975F226B8328B009A7B87 /* Release */ = {
			isa = XCBuildConfiguration;
			buildSettings = {
				ALWAYS_SEARCH_USER_PATHS = NO;
				CLANG_ANALYZER_NONNULL = YES;
				CLANG_ANALYZER_NUMBER_OBJECT_CONVERSION = YES_AGGRESSIVE;
				CLANG_CXX_LANGUAGE_STANDARD = "gnu++14";
				CLANG_CXX_LIBRARY = "libc++";
				CLANG_ENABLE_MODULES = YES;
				CLANG_ENABLE_OBJC_ARC = YES;
				CLANG_ENABLE_OBJC_WEAK = YES;
				CLANG_WARN_BLOCK_CAPTURE_AUTORELEASING = YES;
				CLANG_WARN_BOOL_CONVERSION = YES;
				CLANG_WARN_COMMA = YES;
				CLANG_WARN_CONSTANT_CONVERSION = YES;
				CLANG_WARN_DEPRECATED_OBJC_IMPLEMENTATIONS = YES;
				CLANG_WARN_DIRECT_OBJC_ISA_USAGE = YES_ERROR;
				CLANG_WARN_DOCUMENTATION_COMMENTS = YES;
				CLANG_WARN_EMPTY_BODY = YES;
				CLANG_WARN_ENUM_CONVERSION = YES;
				CLANG_WARN_INFINITE_RECURSION = YES;
				CLANG_WARN_INT_CONVERSION = YES;
				CLANG_WARN_NON_LITERAL_NULL_CONVERSION = YES;
				CLANG_WARN_OBJC_IMPLICIT_RETAIN_SELF = YES;
				CLANG_WARN_OBJC_LITERAL_CONVERSION = YES;
				CLANG_WARN_OBJC_ROOT_CLASS = YES_ERROR;
				CLANG_WARN_QUOTED_INCLUDE_IN_FRAMEWORK_HEADER = YES;
				CLANG_WARN_RANGE_LOOP_ANALYSIS = YES;
				CLANG_WARN_STRICT_PROTOTYPES = YES;
				CLANG_WARN_SUSPICIOUS_MOVE = YES;
				CLANG_WARN_UNGUARDED_AVAILABILITY = YES_AGGRESSIVE;
				CLANG_WARN_UNREACHABLE_CODE = YES;
				CLANG_WARN__DUPLICATE_METHOD_MATCH = YES;
				COPY_PHASE_STRIP = NO;
				DEBUG_INFORMATION_FORMAT = "dwarf-with-dsym";
				ENABLE_NS_ASSERTIONS = NO;
				ENABLE_STRICT_OBJC_MSGSEND = YES;
				GCC_C_LANGUAGE_STANDARD = gnu11;
				GCC_NO_COMMON_BLOCKS = YES;
				GCC_WARN_64_TO_32_BIT_CONVERSION = YES;
				GCC_WARN_ABOUT_RETURN_TYPE = YES_ERROR;
				GCC_WARN_UNDECLARED_SELECTOR = YES;
				GCC_WARN_UNINITIALIZED_AUTOS = YES_AGGRESSIVE;
				GCC_WARN_UNUSED_FUNCTION = YES;
				GCC_WARN_UNUSED_VARIABLE = YES;
				IPHONEOS_DEPLOYMENT_TARGET = 14.5;
				MTL_ENABLE_DEBUG_INFO = NO;
				MTL_FAST_MATH = YES;
				SDKROOT = iphoneos;
				SWIFT_COMPILATION_MODE = wholemodule;
				SWIFT_OPTIMIZATION_LEVEL = "-O";
				VALIDATE_PRODUCT = YES;
			};
			name = Release;
		};
		F9E975F426B8328B009A7B87 /* Debug */ = {
			isa = XCBuildConfiguration;
			buildSettings = {
				ASSETCATALOG_COMPILER_APPICON_NAME = AppIcon;
				ASSETCATALOG_COMPILER_GLOBAL_ACCENT_COLOR_NAME = AccentColor;
				CODE_SIGN_STYLE = Automatic;
				INFOPLIST_FILE = ToDoList/Info.plist;
				LD_RUNPATH_SEARCH_PATHS = (
					"$(inherited)",
					"@executable_path/Frameworks",
				);
				PRODUCT_BUNDLE_IDENTIFIER = KWK.ToDoList;
				PRODUCT_NAME = "$(TARGET_NAME)";
				SWIFT_VERSION = 5.0;
				TARGETED_DEVICE_FAMILY = "1,2";
			};
			name = Debug;
		};
		F9E975F526B8328B009A7B87 /* Release */ = {
			isa = XCBuildConfiguration;
			buildSettings = {
				ASSETCATALOG_COMPILER_APPICON_NAME = AppIcon;
				ASSETCATALOG_COMPILER_GLOBAL_ACCENT_COLOR_NAME = AccentColor;
				CODE_SIGN_STYLE = Automatic;
				INFOPLIST_FILE = ToDoList/Info.plist;
				LD_RUNPATH_SEARCH_PATHS = (
					"$(inherited)",
					"@executable_path/Frameworks",
				);
				PRODUCT_BUNDLE_IDENTIFIER = KWK.ToDoList;
				PRODUCT_NAME = "$(TARGET_NAME)";
				SWIFT_VERSION = 5.0;
				TARGETED_DEVICE_FAMILY = "1,2";
			};
			name = Release;
		};
		F9E975F726B8328B009A7B87 /* Debug */ = {
			isa = XCBuildConfiguration;
			buildSettings = {
				ALWAYS_EMBED_SWIFT_STANDARD_LIBRARIES = YES;
				BUNDLE_LOADER = "$(TEST_HOST)";
				CODE_SIGN_STYLE = Automatic;
				INFOPLIST_FILE = ToDoListTests/Info.plist;
				IPHONEOS_DEPLOYMENT_TARGET = 14.5;
				LD_RUNPATH_SEARCH_PATHS = (
					"$(inherited)",
					"@executable_path/Frameworks",
					"@loader_path/Frameworks",
				);
				PRODUCT_BUNDLE_IDENTIFIER = KWK.ToDoListTests;
				PRODUCT_NAME = "$(TARGET_NAME)";
				SWIFT_VERSION = 5.0;
				TARGETED_DEVICE_FAMILY = "1,2";
				TEST_HOST = "$(BUILT_PRODUCTS_DIR)/ToDoList.app/ToDoList";
			};
			name = Debug;
		};
		F9E975F826B8328B009A7B87 /* Release */ = {
			isa = XCBuildConfiguration;
			buildSettings = {
				ALWAYS_EMBED_SWIFT_STANDARD_LIBRARIES = YES;
				BUNDLE_LOADER = "$(TEST_HOST)";
				CODE_SIGN_STYLE = Automatic;
				INFOPLIST_FILE = ToDoListTests/Info.plist;
				IPHONEOS_DEPLOYMENT_TARGET = 14.5;
				LD_RUNPATH_SEARCH_PATHS = (
					"$(inherited)",
					"@executable_path/Frameworks",
					"@loader_path/Frameworks",
				);
				PRODUCT_BUNDLE_IDENTIFIER = KWK.ToDoListTests;
				PRODUCT_NAME = "$(TARGET_NAME)";
				SWIFT_VERSION = 5.0;
				TARGETED_DEVICE_FAMILY = "1,2";
				TEST_HOST = "$(BUILT_PRODUCTS_DIR)/ToDoList.app/ToDoList";
			};
			name = Release;
		};
		F9E975FA26B8328B009A7B87 /* Debug */ = {
			isa = XCBuildConfiguration;
			buildSettings = {
				ALWAYS_EMBED_SWIFT_STANDARD_LIBRARIES = YES;
				CODE_SIGN_STYLE = Automatic;
				INFOPLIST_FILE = ToDoListUITests/Info.plist;
				LD_RUNPATH_SEARCH_PATHS = (
					"$(inherited)",
					"@executable_path/Frameworks",
					"@loader_path/Frameworks",
				);
				PRODUCT_BUNDLE_IDENTIFIER = KWK.ToDoListUITests;
				PRODUCT_NAME = "$(TARGET_NAME)";
				SWIFT_VERSION = 5.0;
				TARGETED_DEVICE_FAMILY = "1,2";
				TEST_TARGET_NAME = ToDoList;
			};
			name = Debug;
		};
		F9E975FB26B8328B009A7B87 /* Release */ = {
			isa = XCBuildConfiguration;
			buildSettings = {
				ALWAYS_EMBED_SWIFT_STANDARD_LIBRARIES = YES;
				CODE_SIGN_STYLE = Automatic;
				INFOPLIST_FILE = ToDoListUITests/Info.plist;
				LD_RUNPATH_SEARCH_PATHS = (
					"$(inherited)",
					"@executable_path/Frameworks",
					"@loader_path/Frameworks",
				);
				PRODUCT_BUNDLE_IDENTIFIER = KWK.ToDoListUITests;
				PRODUCT_NAME = "$(TARGET_NAME)";
				SWIFT_VERSION = 5.0;
				TARGETED_DEVICE_FAMILY = "1,2";
				TEST_TARGET_NAME = ToDoList;
			};
			name = Release;
		};
/* End XCBuildConfiguration section */

/* Begin XCConfigurationList section */
		F9E975C126B8328A009A7B87 /* Build configuration list for PBXProject "ToDoList" */ = {
			isa = XCConfigurationList;
			buildConfigurations = (
				F9E975F126B8328B009A7B87 /* Debug */,
				F9E975F226B8328B009A7B87 /* Release */,
			);
			defaultConfigurationIsVisible = 0;
			defaultConfigurationName = Release;
		};
		F9E975F326B8328B009A7B87 /* Build configuration list for PBXNativeTarget "ToDoList" */ = {
			isa = XCConfigurationList;
			buildConfigurations = (
				F9E975F426B8328B009A7B87 /* Debug */,
				F9E975F526B8328B009A7B87 /* Release */,
			);
			defaultConfigurationIsVisible = 0;
			defaultConfigurationName = Release;
		};
		F9E975F626B8328B009A7B87 /* Build configuration list for PBXNativeTarget "ToDoListTests" */ = {
			isa = XCConfigurationList;
			buildConfigurations = (
				F9E975F726B8328B009A7B87 /* Debug */,
				F9E975F826B8328B009A7B87 /* Release */,
			);
			defaultConfigurationIsVisible = 0;
			defaultConfigurationName = Release;
		};
		F9E975F926B8328B009A7B87 /* Build configuration list for PBXNativeTarget "ToDoListUITests" */ = {
			isa = XCConfigurationList;
			buildConfigurations = (
				F9E975FA26B8328B009A7B87 /* Debug */,
				F9E975FB26B8328B009A7B87 /* Release */,
			);
			defaultConfigurationIsVisible = 0;
			defaultConfigurationName = Release;
		};
/* End XCConfigurationList section */

/* Begin XCVersionGroup section */
		F9E975D226B8328A009A7B87 /* ToDoList.xcdatamodeld */ = {
			isa = XCVersionGroup;
			children = (
				F9E975D326B8328A009A7B87 /* ToDoList.xcdatamodel */,
			);
			currentVersion = F9E975D326B8328A009A7B87 /* ToDoList.xcdatamodel */;
			path = ToDoList.xcdatamodeld;
			sourceTree = "<group>";
			versionGroupType = wrapper.xcdatamodel;
		};
/* End XCVersionGroup section */
	};
	rootObject = F9E975BE26B8328A009A7B87 /* Project object */;
}
